Microsoft Visual Studio Solution File, Format Version 12.00
# Visual Studio Version 17
VisualStudioVersion = 17.5.2.0
MinimumVisualStudioVersion = 10.0.40219.1
Project("{FAE04EC0-301F-11D3-BF4B-00C04F79EFBC}") = "AprilFoolsJoke", "AprilFoolsJoke.csproj", "{099F7619-8DB1-571F-A386-4B3964B0DC50}"
EndProject
Global
	GlobalSection(SolutionConfigurationPlatforms) = preSolution
		Debug|Any CPU = Debug|Any CPU
		Release|Any CPU = Release|Any CPU
	EndGlobalSection
	GlobalSection(ProjectConfigurationPlatforms) = postSolution
		{099F7619-8DB1-571F-A386-4B3964B0DC50}.Debug|Any CPU.ActiveCfg = Debug|Any CPU
		{099F7619-8DB1-571F-A386-4B3964B0DC50}.Debug|Any CPU.Build.0 = Debug|Any CPU
		{099F7619-8DB1-571F-A386-4B3964B0DC50}.Release|Any CPU.ActiveCfg = Release|Any CPU
		{099F7619-8DB1-571F-A386-4B3964B0DC50}.Release|Any CPU.Build.0 = Release|Any CPU
	EndGlobalSection
	GlobalSection(SolutionProperties) = preSolution
		HideSolutionNode = FALSE
	EndGlobalSection
	GlobalSection(ExtensibilityGlobals) = postSolution
		SolutionGuid = {D27B83A2-D319-4EAE-9695-6B18AA63DAB3}
	EndGlobalSection
EndGlobal
